{
  "version": 4,
  "terraform_version": "1.15.2",
  "serial": 24,
  "lineage": "cdb5dbf4-9097-e881-fce5-686921f2b1ad",
  "outputs": {},
  "resources": [
    {
      "mode": "managed",
      "type": "proxmox_download_file",
      "name": "ubuntu_cloud_image",
      "provider": "provider[\"registry.terraform.io/bpg/proxmox\"]",
      "instances": [
        {
          "schema_version": 0,
          "attributes": {
            "checksum": null,
            "checksum_algorithm": null,
            "content_type": "iso",
            "datastore_id": "local",
            "decompression_algorithm": null,
            "file_name": "noble-server-cloudimg-amd64.img",
            "id": "local:iso/noble-server-cloudimg-amd64.img",
            "node_name": "proxhome",
            "overwrite": true,
            "overwrite_unmanaged": false,
            "size": 629987328,
            "upload_timeout": 600,
            "url": "https://cloud-images.ubuntu.com/noble/current/noble-server-cloudimg-amd64.img",
            "verify": true
          },
          "sensitive_attributes": [],
          "identity_schema_version": 0
        }
      ]
    }
  ],
  "check_results": null
}
